<?xml version="1.0" encoding="utf-8"?>
<Project ToolsVersion="4.0" xmlns="http://schemas.microsoft.com/developer/msbuild/2003">
  <ItemGroup>
    <Filter Include="shaders">
      <UniqueIdentifier>{957d989a-878b-4aa5-8a25-22b2baee99ff}</UniqueIdentifier>
      <Extensions>frag;vert</Extensions>
    </Filter>
    <Filter Include="source">
      <UniqueIdentifier>{4FC737F1-C7A5-4376-A066-2A32D752A2FF}</UniqueIdentifier>
      <Extensions>cpp;h</Extensions>
    </Filter>
    <Filter Include="settings">
      <UniqueIdentifier>{ccfd8d5d-676d-46e0-8923-36085fba8f23}</UniqueIdentifier>
    </Filter>
  </ItemGroup>
  <ItemGroup>
    <None Include="shaders\shader.vert">
      <Filter>shaders</Filter>
    </None>
    <None Include="shaders\shader.frag">
      <Filter>shaders</Filter>
    </None>
    <None Include="shaders\compile.bat">
      <Filter>shaders</Filter>
    </None>
    <None Include=".gitattributes" />
    <None Include=".gitignore" />
    <None Include="README.md" />
    <None Include="settings\settings.ini">
      <Filter>settings</Filter>
    </None>
  </ItemGroup>
  <ItemGroup>
    <ClCompile Include="source\CommandManager.cpp">
      <Filter>source</Filter>
    </ClCompile>
    <ClCompile Include="source\main.cpp">
      <Filter>source</Filter>
    </ClCompile>
    <ClCompile Include="source\Render.cpp">
      <Filter>source</Filter>
    </ClCompile>
    <ClCompile Include="source\SwapChainManager.cpp">
      <Filter>source</Filter>
    </ClCompile>
    <ClCompile Include="source\SyncsManager.cpp">
      <Filter>source</Filter>
    </ClCompile>
    <ClCompile Include="source\GraphicsPipeline.cpp">
      <Filter>source</Filter>
    </ClCompile>
    <ClCompile Include="source\Vertex.cpp">
      <Filter>source</Filter>
    </ClCompile>
    <ClCompile Include="source\VertexBuffer.cpp">
      <Filter>source</Filter>
    </ClCompile>
    <ClCompile Include="source\UniformBuffer.cpp">
      <Filter>source</Filter>
    </ClCompile>
    <ClCompile Include="source\Helpers.cpp">
      <Filter>source</Filter>
    </ClCompile>
    <ClCompile Include="source\TextureImage.cpp">
      <Filter>source</Filter>
    </ClCompile>
    <ClCompile Include="source\DescriptorsManager.cpp">
      <Filter>source</Filter>
    </ClCompile>
    <ClCompile Include="source\DepthBuffer.cpp">
      <Filter>source</Filter>
    </ClCompile>
    <ClCompile Include="source\ModelLoader.cpp">
      <Filter>source</Filter>
    </ClCompile>
    <ClCompile Include="source\RenderUnit.cpp">
      <Filter>source</Filter>
    </ClCompile>
    <ClCompile Include="source\Device.cpp">
      <Filter>source</Filter>
    </ClCompile>
    <ClCompile Include="source\Window.cpp">
      <Filter>source</Filter>
    </ClCompile>
    <ClCompile Include="source\SystemWindow.cpp">
      <Filter>source</Filter>
    </ClCompile>
    <ClCompile Include="source\Settings.cpp">
      <Filter>source</Filter>
    </ClCompile>
    <ClCompile Include="source\Instance.cpp">
      <Filter>source</Filter>
    </ClCompile>
    <ClCompile Include="source\Surface.cpp">
      <Filter>source</Filter>
    </ClCompile>
    <ClCompile Include="source\Application.cpp">
      <Filter>source</Filter>
    </ClCompile>
  </ItemGroup>
  <ItemGroup>
    <ClInclude Include="source\CommandManager.h">
      <Filter>source</Filter>
    </ClInclude>
    <ClInclude Include="source\Render.h">
      <Filter>source</Filter>
    </ClInclude>
    <ClInclude Include="source\SwapChainManager.h">
      <Filter>source</Filter>
    </ClInclude>
    <ClInclude Include="source\SyncsManager.h">
      <Filter>source</Filter>
    </ClInclude>
    <ClInclude Include="source\GraphicsPipeline.h">
      <Filter>source</Filter>
    </ClInclude>
    <ClInclude Include="source\Vertex.h">
      <Filter>source</Filter>
    </ClInclude>
    <ClInclude Include="source\VertexBuffer.h">
      <Filter>source</Filter>
    </ClInclude>
    <ClInclude Include="source\UniformBuffer.h">
      <Filter>source</Filter>
    </ClInclude>
    <ClInclude Include="source\Helpers.h">
      <Filter>source</Filter>
    </ClInclude>
    <ClInclude Include="source\TextureImage.h">
      <Filter>source</Filter>
    </ClInclude>
    <ClInclude Include="source\DescriptorsManager.h">
      <Filter>source</Filter>
    </ClInclude>
    <ClInclude Include="source\DepthBuffer.h">
      <Filter>source</Filter>
    </ClInclude>
    <ClInclude Include="source\ModelLoader.h">
      <Filter>source</Filter>
    </ClInclude>
    <ClInclude Include="source\RenderUnit.h">
      <Filter>source</Filter>
    </ClInclude>
    <ClInclude Include="source\Device.h">
      <Filter>source</Filter>
    </ClInclude>
    <ClInclude Include="source\Window.h">
      <Filter>source</Filter>
    </ClInclude>
    <ClInclude Include="source\SystemWindow.h">
      <Filter>source</Filter>
    </ClInclude>
    <ClInclude Include="source\Settings.h">
      <Filter>source</Filter>
    </ClInclude>
    <ClInclude Include="source\Instance.h">
      <Filter>source</Filter>
    </ClInclude>
    <ClInclude Include="source\Surface.h">
      <Filter>source</Filter>
    </ClInclude>
    <ClInclude Include="source\Application.h">
      <Filter>source</Filter>
    </ClInclude>
  </ItemGroup>
</Project>