<?xml version="1.0" encoding="utf-8"?>
<Project ToolsVersion="4.0" xmlns="http://schemas.microsoft.com/developer/msbuild/2003">
  <ItemGroup>
    <Filter Include="shaders">
      <UniqueIdentifier>{957d989a-878b-4aa5-8a25-22b2baee99ff}</UniqueIdentifier>
      <Extensions>frag;vert</Extensions>
    </Filter>
    <Filter Include="source">
      <UniqueIdentifier>{4FC737F1-C7A5-4376-A066-2A32D752A2FF}</UniqueIdentifier>
      <Extensions>cpp;h</Extensions>
    </Filter>
  </ItemGroup>
  <ItemGroup>
    <None Include="shaders\shader.vert">
      <Filter>shaders</Filter>
    </None>
    <None Include="shaders\shader.frag">
      <Filter>shaders</Filter>
    </None>
    <None Include="shaders\compile.bat">
      <Filter>shaders</Filter>
    </None>
    <None Include=".gitattributes" />
    <None Include=".gitignore" />
    <None Include="README.md" />
  </ItemGroup>
  <ItemGroup>
    <ClCompile Include="source\InstanceManager.cpp">
      <Filter>source</Filter>
    </ClCompile>
    <ClCompile Include="source\LogicalDeviceManager.cpp">
      <Filter>source</Filter>
    </ClCompile>
    <ClCompile Include="source\main.cpp">
      <Filter>source</Filter>
    </ClCompile>
    <ClCompile Include="source\PhysicalDeviceManager.cpp">
      <Filter>source</Filter>
    </ClCompile>
    <ClCompile Include="source\Render.cpp">
      <Filter>source</Filter>
    </ClCompile>
    <ClCompile Include="source\SurfaceManager.cpp">
      <Filter>source</Filter>
    </ClCompile>
    <ClCompile Include="source\WindowManager.cpp">
      <Filter>source</Filter>
    </ClCompile>
    <ClCompile Include="source\SwapChainManager.cpp">
      <Filter>source</Filter>
    </ClCompile>
  </ItemGroup>
  <ItemGroup>
    <ClInclude Include="source\InstanceManager.h">
      <Filter>source</Filter>
    </ClInclude>
    <ClInclude Include="source\LogicalDeviceManager.h">
      <Filter>source</Filter>
    </ClInclude>
    <ClInclude Include="source\PhysicalDeviceManager.h">
      <Filter>source</Filter>
    </ClInclude>
    <ClInclude Include="source\Render.h">
      <Filter>source</Filter>
    </ClInclude>
    <ClInclude Include="source\SurfaceManager.h">
      <Filter>source</Filter>
    </ClInclude>
    <ClInclude Include="source\WindowManager.h">
      <Filter>source</Filter>
    </ClInclude>
    <ClInclude Include="source\SwapChainManager.h">
      <Filter>source</Filter>
    </ClInclude>
  </ItemGroup>
</Project>